
Microsoft Visual Studio Solution File, Format Version 12.00
# Visual Studio Version 17
VisualStudioVersion = 17.5.33414.496
MinimumVisualStudioVersion = 10.0.40219.1
Project("{9A19103F-16F7-4668-BE54-9A1E7A4F7556}") = "ECommerceShop.API", "ECommerceShop.API\ECommerceShop.API.csproj", "{CF95FB16-0B15-4950-A739-F7AB5B41EF2E}"
EndProject
Project("{9A19103F-16F7-4668-BE54-9A1E7A4F7556}") = "ECommerceShop.Domain", "ECommerceShop.Domain\ECommerceShop.Domain.csproj", "{A9A4DD82-1419-498F-9D33-5EE508D864C0}"
EndProject
Project("{9A19103F-16F7-4668-BE54-9A1E7A4F7556}") = "ECommerceShop.Application", "ECommerceShop.Application\ECommerceShop.Application.csproj", "{29F0E7AC-35F1-41DD-B371-6CBC74CE06C5}"
EndProject
Project("{2150E333-8FDC-42A3-9474-1A3956D46DE8}") = "API", "API", "{4AEC7409-6CFC-496D-B859-F106C962E888}"
EndProject
Project("{2150E333-8FDC-42A3-9474-1A3956D46DE8}") = "Core", "Core", "{AD1544FB-61E6-499C-8E33-CBE04B166173}"
EndProject
Project("{2150E333-8FDC-42A3-9474-1A3956D46DE8}") = "Infrastructure", "Infrastructure", "{8C798AE9-DCB9-4EDE-97D1-FDAE2EFB76E5}"
EndProject
Project("{9A19103F-16F7-4668-BE54-9A1E7A4F7556}") = "ECommerceShop.Infrastructure", "ECommerceShop.Infrastructure\ECommerceShop.Infrastructure.csproj", "{2EE70BFD-6E5B-4D32-B5BE-BC3FACBE2E6E}"
EndProject
Project("{2150E333-8FDC-42A3-9474-1A3956D46DE8}") = "Tests", "Tests", "{02E8B2F7-0CB0-4281-B9A1-7DD83C999CE6}"
EndProject
Project("{9A19103F-16F7-4668-BE54-9A1E7A4F7556}") = "ECommerceShop.Contracts", "Contracts\ECommerceShop.Contracts.csproj", "{9FE223BF-4B53-466E-8DAB-A7F9813A4BD9}"
EndProject
Project("{FAE04EC0-301F-11D3-BF4B-00C04F79EFBC}") = "ECommerceApplication.Tests", "ECommerceApplication.Tests\ECommerceApplication.Tests.csproj", "{318ADB32-FF6D-464C-BADB-06DEFB369762}"
EndProject
Global
	GlobalSection(SolutionConfigurationPlatforms) = preSolution
		Debug|Any CPU = Debug|Any CPU
		Release|Any CPU = Release|Any CPU
	EndGlobalSection
	GlobalSection(ProjectConfigurationPlatforms) = postSolution
		{CF95FB16-0B15-4950-A739-F7AB5B41EF2E}.Debug|Any CPU.ActiveCfg = Debug|Any CPU
		{CF95FB16-0B15-4950-A739-F7AB5B41EF2E}.Debug|Any CPU.Build.0 = Debug|Any CPU
		{CF95FB16-0B15-4950-A739-F7AB5B41EF2E}.Release|Any CPU.ActiveCfg = Release|Any CPU
		{CF95FB16-0B15-4950-A739-F7AB5B41EF2E}.Release|Any CPU.Build.0 = Release|Any CPU
		{A9A4DD82-1419-498F-9D33-5EE508D864C0}.Debug|Any CPU.ActiveCfg = Debug|Any CPU
		{A9A4DD82-1419-498F-9D33-5EE508D864C0}.Debug|Any CPU.Build.0 = Debug|Any CPU
		{A9A4DD82-1419-498F-9D33-5EE508D864C0}.Release|Any CPU.ActiveCfg = Release|Any CPU
		{A9A4DD82-1419-498F-9D33-5EE508D864C0}.Release|Any CPU.Build.0 = Release|Any CPU
		{29F0E7AC-35F1-41DD-B371-6CBC74CE06C5}.Debug|Any CPU.ActiveCfg = Debug|Any CPU
		{29F0E7AC-35F1-41DD-B371-6CBC74CE06C5}.Debug|Any CPU.Build.0 = Debug|Any CPU
		{29F0E7AC-35F1-41DD-B371-6CBC74CE06C5}.Release|Any CPU.ActiveCfg = Release|Any CPU
		{29F0E7AC-35F1-41DD-B371-6CBC74CE06C5}.Release|Any CPU.Build.0 = Release|Any CPU
		{2EE70BFD-6E5B-4D32-B5BE-BC3FACBE2E6E}.Debug|Any CPU.ActiveCfg = Debug|Any CPU
		{2EE70BFD-6E5B-4D32-B5BE-BC3FACBE2E6E}.Debug|Any CPU.Build.0 = Debug|Any CPU
		{2EE70BFD-6E5B-4D32-B5BE-BC3FACBE2E6E}.Release|Any CPU.ActiveCfg = Release|Any CPU
		{2EE70BFD-6E5B-4D32-B5BE-BC3FACBE2E6E}.Release|Any CPU.Build.0 = Release|Any CPU
		{9FE223BF-4B53-466E-8DAB-A7F9813A4BD9}.Debug|Any CPU.ActiveCfg = Debug|Any CPU
		{9FE223BF-4B53-466E-8DAB-A7F9813A4BD9}.Debug|Any CPU.Build.0 = Debug|Any CPU
		{9FE223BF-4B53-466E-8DAB-A7F9813A4BD9}.Release|Any CPU.ActiveCfg = Release|Any CPU
		{9FE223BF-4B53-466E-8DAB-A7F9813A4BD9}.Release|Any CPU.Build.0 = Release|Any CPU
		{318ADB32-FF6D-464C-BADB-06DEFB369762}.Debug|Any CPU.ActiveCfg = Debug|Any CPU
		{318ADB32-FF6D-464C-BADB-06DEFB369762}.Debug|Any CPU.Build.0 = Debug|Any CPU
		{318ADB32-FF6D-464C-BADB-06DEFB369762}.Release|Any CPU.ActiveCfg = Release|Any CPU
		{318ADB32-FF6D-464C-BADB-06DEFB369762}.Release|Any CPU.Build.0 = Release|Any CPU
	EndGlobalSection
	GlobalSection(SolutionProperties) = preSolution
		HideSolutionNode = FALSE
	EndGlobalSection
	GlobalSection(NestedProjects) = preSolution
		{CF95FB16-0B15-4950-A739-F7AB5B41EF2E} = {4AEC7409-6CFC-496D-B859-F106C962E888}
		{A9A4DD82-1419-498F-9D33-5EE508D864C0} = {AD1544FB-61E6-499C-8E33-CBE04B166173}
		{29F0E7AC-35F1-41DD-B371-6CBC74CE06C5} = {AD1544FB-61E6-499C-8E33-CBE04B166173}
		{2EE70BFD-6E5B-4D32-B5BE-BC3FACBE2E6E} = {8C798AE9-DCB9-4EDE-97D1-FDAE2EFB76E5}
		{9FE223BF-4B53-466E-8DAB-A7F9813A4BD9} = {4AEC7409-6CFC-496D-B859-F106C962E888}
		{318ADB32-FF6D-464C-BADB-06DEFB369762} = {02E8B2F7-0CB0-4281-B9A1-7DD83C999CE6}
	EndGlobalSection
	GlobalSection(ExtensibilityGlobals) = postSolution
		SolutionGuid = {A2326C6B-3F5F-4F46-9D22-93414EAFC994}
	EndGlobalSection
EndGlobal
